
Microsoft Visual Studio Solution File, Format Version 12.00
# Visual Studio Version 16
VisualStudioVersion = 16.0.28407.52
MinimumVisualStudioVersion = 10.0.40219.1
Project("{9A19103F-16F7-4668-BE54-9A1E7A4F7556}") = "ExRepository", "ExRepository.csproj", "{696C71A9-D224-4D6D-B889-D9DECB56613F}"
EndProject
Global
	GlobalSection(SolutionConfigurationPlatforms) = preSolution
		Debug|Any CPU = Debug|Any CPU
		Release|Any CPU = Release|Any CPU
	EndGlobalSection
	GlobalSection(ProjectConfigurationPlatforms) = postSolution
		{696C71A9-D224-4D6D-B889-D9DECB56613F}.Debug|Any CPU.ActiveCfg = Debug|Any CPU
		{696C71A9-D224-4D6D-B889-D9DECB56613F}.Debug|Any CPU.Build.0 = Debug|Any CPU
		{696C71A9-D224-4D6D-B889-D9DECB56613F}.Release|Any CPU.ActiveCfg = Release|Any CPU
		{696C71A9-D224-4D6D-B889-D9DECB56613F}.Release|Any CPU.Build.0 = Release|Any CPU
	EndGlobalSection
	GlobalSection(SolutionProperties) = preSolution
		HideSolutionNode = FALSE
	EndGlobalSection
	GlobalSection(ExtensibilityGlobals) = postSolution
		SolutionGuid = {66B281C9-A7D2-419C-AFDC-A68FA7139A03}
	EndGlobalSection
EndGlobal
